
Microsoft Visual Studio Solution File, Format Version 12.00
# Visual Studio Version 16
VisualStudioVersion = 16.0.31402.337
MinimumVisualStudioVersion = 10.0.40219.1
Project("{FAE04EC0-301F-11D3-BF4B-00C04F79EFBC}") = "MapGenerationProject", "MapGenerationProject.csproj", "{869CA87E-5F02-4B61-9365-CA6BE1BDD8C6}"
EndProject
Global
	GlobalSection(SolutionConfigurationPlatforms) = preSolution
		Debug|Any CPU = Debug|Any CPU
		Release|Any CPU = Release|Any CPU
	EndGlobalSection
	GlobalSection(ProjectConfigurationPlatforms) = postSolution
		{869CA87E-5F02-4B61-9365-CA6BE1BDD8C6}.Debug|Any CPU.ActiveCfg = Debug|Any CPU
		{869CA87E-5F02-4B61-9365-CA6BE1BDD8C6}.Debug|Any CPU.Build.0 = Debug|Any CPU
		{869CA87E-5F02-4B61-9365-CA6BE1BDD8C6}.Release|Any CPU.ActiveCfg = Release|Any CPU
		{869CA87E-5F02-4B61-9365-CA6BE1BDD8C6}.Release|Any CPU.Build.0 = Release|Any CPU
	EndGlobalSection
	GlobalSection(SolutionProperties) = preSolution
		HideSolutionNode = FALSE
	EndGlobalSection
	GlobalSection(ExtensibilityGlobals) = postSolution
		SolutionGuid = {6657BB80-DA94-4100-BC28-4D6A1A8F9B5A}
	EndGlobalSection
EndGlobal
